
Microsoft Visual Studio Solution File, Format Version 12.00
# Visual Studio Version 17
VisualStudioVersion = 17.8.34511.84
MinimumVisualStudioVersion = 10.0.40219.1
Project("{2150E333-8FDC-42A3-9474-1A3956D46DE8}") = "Microservices", "Microservices", "{AEBA96D0-415F-4EDE-90DF-F7E451E0C778}"
EndProject
Project("{2150E333-8FDC-42A3-9474-1A3956D46DE8}") = "Domain", "Domain", "{EE05729E-392C-4665-A79F-E2679038A538}"
EndProject
Project("{2150E333-8FDC-42A3-9474-1A3956D46DE8}") = "Infra.Bus", "Infra.Bus", "{F70628C9-8D23-46AF-83BF-BD366F93BB7F}"
EndProject
Project("{2150E333-8FDC-42A3-9474-1A3956D46DE8}") = "Infra.IoC", "Infra.IoC", "{AD9BC8BA-156A-4B91-B625-D0A77549C254}"
EndProject
Project("{2150E333-8FDC-42A3-9474-1A3956D46DE8}") = "Presentation", "Presentation", "{0FEDC8CF-82CF-44D5-935E-628E9E4DD429}"
EndProject
Project("{9A19103F-16F7-4668-BE54-9A1E7A4F7556}") = "MicroRabbit.Domain.Core", "MicroRabbit.Domain.Core\MicroRabbit.Domain.Core.csproj", "{0B47A08E-7AB5-4DFA-BFBC-D565EDCBC200}"
EndProject
Project("{9A19103F-16F7-4668-BE54-9A1E7A4F7556}") = "MicroRabbit.Infra.Bus", "MicroRabbit.Infra.Bus\MicroRabbit.Infra.Bus.csproj", "{EFE67649-41C2-402A-AF5B-7F5FA8EAE007}"
EndProject
Project("{9A19103F-16F7-4668-BE54-9A1E7A4F7556}") = "MicroRabbit.Infra.IOC", "MicroRabbit.Infra.IOC\MicroRabbit.Infra.IOC.csproj", "{03516AD1-7E17-4B98-9289-9CAA4C2871F6}"
EndProject
Project("{2150E333-8FDC-42A3-9474-1A3956D46DE8}") = "Banking", "Banking", "{9A5339A4-3526-4EAE-9B18-F8F396D4B4AD}"
EndProject
Project("{2150E333-8FDC-42A3-9474-1A3956D46DE8}") = "API", "API", "{C64C28AF-4E4D-4E68-835D-6B7511E4FAB2}"
EndProject
Project("{2150E333-8FDC-42A3-9474-1A3956D46DE8}") = "Domain", "Domain", "{847C5D83-A69C-4D0C-8891-621A85F537C1}"
EndProject
Project("{2150E333-8FDC-42A3-9474-1A3956D46DE8}") = "Application", "Application", "{FBF10D6E-0E3D-44C4-88CF-94267C59D19B}"
EndProject
Project("{2150E333-8FDC-42A3-9474-1A3956D46DE8}") = "Data", "Data", "{630ACC61-C5CE-4B20-BF3C-2ABD71ADF114}"
EndProject
Project("{9A19103F-16F7-4668-BE54-9A1E7A4F7556}") = "MicroRabbit.Banking.API", "Microservices\Banking\api\MicroRabbit.Banking.API\MicroRabbit.Banking.API.csproj", "{A9A19CD4-9DE1-4F5A-8071-C63B2DB5F80A}"
EndProject
Project("{9A19103F-16F7-4668-BE54-9A1E7A4F7556}") = "MicroRabbit.Banking.Application", "Microservices\Banking\Application\MicroRabbit.Banking.Application\MicroRabbit.Banking.Application.csproj", "{2D31403E-128F-48E2-A3E0-364308308F06}"
EndProject
Project("{9A19103F-16F7-4668-BE54-9A1E7A4F7556}") = "MicroRabbit.Banking.Data", "Microservices\Banking\Data\MicroRabbit.Banking.Data\MicroRabbit.Banking.Data.csproj", "{97095475-38E1-4E37-8E02-C44590689210}"
EndProject
Project("{9A19103F-16F7-4668-BE54-9A1E7A4F7556}") = "MicroRabbit.Banking.Domain", "Microservices\Banking\Domain\MicroRabbit.Banking.Domain\MicroRabbit.Banking.Domain.csproj", "{8AFCBD1A-D9B5-4595-BACD-11CB47713F5D}"
EndProject
Project("{2150E333-8FDC-42A3-9474-1A3956D46DE8}") = "Transfer", "Transfer", "{0078A949-9D90-4497-8818-428C0FD3E3A2}"
EndProject
Project("{2150E333-8FDC-42A3-9474-1A3956D46DE8}") = "Api", "Api", "{8B72499A-04F1-4B7B-B217-90B4DBC34E6D}"
EndProject
Project("{2150E333-8FDC-42A3-9474-1A3956D46DE8}") = "Application", "Application", "{82304579-4372-4128-9799-4C29D8BC4A6F}"
EndProject
Project("{2150E333-8FDC-42A3-9474-1A3956D46DE8}") = "Data", "Data", "{E64F464D-0660-47EA-8DE4-1BB31C565354}"
EndProject
Project("{2150E333-8FDC-42A3-9474-1A3956D46DE8}") = "Domain", "Domain", "{03A5BA12-6C5C-46BA-B186-4C7F24C6114F}"
EndProject
Project("{FAE04EC0-301F-11D3-BF4B-00C04F79EFBC}") = "MicroRabbit.Transfer.API", "Microservices\Transfer\api\MicroRabbit.Transfer.API\MicroRabbit.Transfer.API.csproj", "{3D0D7AF2-EAB8-47F2-AC07-2B88409BFBE1}"
EndProject
Project("{FAE04EC0-301F-11D3-BF4B-00C04F79EFBC}") = "MicroRabbit.Transfer.Application", "Microservices\Transfer\Application\MicroRabbit.Transfer.Application\MicroRabbit.Transfer.Application.csproj", "{FF7ED8BF-1694-486F-B994-77C5887E7487}"
EndProject
Project("{FAE04EC0-301F-11D3-BF4B-00C04F79EFBC}") = "MicroRabbit.Transfer.Data", "Microservices\Transfer\Data\MicroRabbit.Transfer.Data\MicroRabbit.Transfer.Data.csproj", "{6ACF9D08-2D1E-4362-A7A2-BD2C7A4907DD}"
EndProject
Project("{FAE04EC0-301F-11D3-BF4B-00C04F79EFBC}") = "MicroRabbit.Transfer.Domain", "Microservices\Transfer\Domain\MicroRabbit.Transfer.Domain\MicroRabbit.Transfer.Domain.csproj", "{4F016627-2F80-486E-98F5-293E9E0A7962}"
EndProject
Global
	GlobalSection(SolutionConfigurationPlatforms) = preSolution
		Debug|Any CPU = Debug|Any CPU
		Release|Any CPU = Release|Any CPU
	EndGlobalSection
	GlobalSection(ProjectConfigurationPlatforms) = postSolution
		{0B47A08E-7AB5-4DFA-BFBC-D565EDCBC200}.Debug|Any CPU.ActiveCfg = Debug|Any CPU
		{0B47A08E-7AB5-4DFA-BFBC-D565EDCBC200}.Debug|Any CPU.Build.0 = Debug|Any CPU
		{0B47A08E-7AB5-4DFA-BFBC-D565EDCBC200}.Release|Any CPU.ActiveCfg = Release|Any CPU
		{0B47A08E-7AB5-4DFA-BFBC-D565EDCBC200}.Release|Any CPU.Build.0 = Release|Any CPU
		{EFE67649-41C2-402A-AF5B-7F5FA8EAE007}.Debug|Any CPU.ActiveCfg = Debug|Any CPU
		{EFE67649-41C2-402A-AF5B-7F5FA8EAE007}.Debug|Any CPU.Build.0 = Debug|Any CPU
		{EFE67649-41C2-402A-AF5B-7F5FA8EAE007}.Release|Any CPU.ActiveCfg = Release|Any CPU
		{EFE67649-41C2-402A-AF5B-7F5FA8EAE007}.Release|Any CPU.Build.0 = Release|Any CPU
		{03516AD1-7E17-4B98-9289-9CAA4C2871F6}.Debug|Any CPU.ActiveCfg = Debug|Any CPU
		{03516AD1-7E17-4B98-9289-9CAA4C2871F6}.Debug|Any CPU.Build.0 = Debug|Any CPU
		{03516AD1-7E17-4B98-9289-9CAA4C2871F6}.Release|Any CPU.ActiveCfg = Release|Any CPU
		{03516AD1-7E17-4B98-9289-9CAA4C2871F6}.Release|Any CPU.Build.0 = Release|Any CPU
		{A9A19CD4-9DE1-4F5A-8071-C63B2DB5F80A}.Debug|Any CPU.ActiveCfg = Debug|Any CPU
		{A9A19CD4-9DE1-4F5A-8071-C63B2DB5F80A}.Debug|Any CPU.Build.0 = Debug|Any CPU
		{A9A19CD4-9DE1-4F5A-8071-C63B2DB5F80A}.Release|Any CPU.ActiveCfg = Release|Any CPU
		{A9A19CD4-9DE1-4F5A-8071-C63B2DB5F80A}.Release|Any CPU.Build.0 = Release|Any CPU
		{2D31403E-128F-48E2-A3E0-364308308F06}.Debug|Any CPU.ActiveCfg = Debug|Any CPU
		{2D31403E-128F-48E2-A3E0-364308308F06}.Debug|Any CPU.Build.0 = Debug|Any CPU
		{2D31403E-128F-48E2-A3E0-364308308F06}.Release|Any CPU.ActiveCfg = Release|Any CPU
		{2D31403E-128F-48E2-A3E0-364308308F06}.Release|Any CPU.Build.0 = Release|Any CPU
		{97095475-38E1-4E37-8E02-C44590689210}.Debug|Any CPU.ActiveCfg = Debug|Any CPU
		{97095475-38E1-4E37-8E02-C44590689210}.Debug|Any CPU.Build.0 = Debug|Any CPU
		{97095475-38E1-4E37-8E02-C44590689210}.Release|Any CPU.ActiveCfg = Release|Any CPU
		{97095475-38E1-4E37-8E02-C44590689210}.Release|Any CPU.Build.0 = Release|Any CPU
		{8AFCBD1A-D9B5-4595-BACD-11CB47713F5D}.Debug|Any CPU.ActiveCfg = Debug|Any CPU
		{8AFCBD1A-D9B5-4595-BACD-11CB47713F5D}.Debug|Any CPU.Build.0 = Debug|Any CPU
		{8AFCBD1A-D9B5-4595-BACD-11CB47713F5D}.Release|Any CPU.ActiveCfg = Release|Any CPU
		{8AFCBD1A-D9B5-4595-BACD-11CB47713F5D}.Release|Any CPU.Build.0 = Release|Any CPU
		{3D0D7AF2-EAB8-47F2-AC07-2B88409BFBE1}.Debug|Any CPU.ActiveCfg = Debug|Any CPU
		{3D0D7AF2-EAB8-47F2-AC07-2B88409BFBE1}.Debug|Any CPU.Build.0 = Debug|Any CPU
		{3D0D7AF2-EAB8-47F2-AC07-2B88409BFBE1}.Release|Any CPU.ActiveCfg = Release|Any CPU
		{3D0D7AF2-EAB8-47F2-AC07-2B88409BFBE1}.Release|Any CPU.Build.0 = Release|Any CPU
		{FF7ED8BF-1694-486F-B994-77C5887E7487}.Debug|Any CPU.ActiveCfg = Debug|Any CPU
		{FF7ED8BF-1694-486F-B994-77C5887E7487}.Debug|Any CPU.Build.0 = Debug|Any CPU
		{FF7ED8BF-1694-486F-B994-77C5887E7487}.Release|Any CPU.ActiveCfg = Release|Any CPU
		{FF7ED8BF-1694-486F-B994-77C5887E7487}.Release|Any CPU.Build.0 = Release|Any CPU
		{6ACF9D08-2D1E-4362-A7A2-BD2C7A4907DD}.Debug|Any CPU.ActiveCfg = Debug|Any CPU
		{6ACF9D08-2D1E-4362-A7A2-BD2C7A4907DD}.Debug|Any CPU.Build.0 = Debug|Any CPU
		{6ACF9D08-2D1E-4362-A7A2-BD2C7A4907DD}.Release|Any CPU.ActiveCfg = Release|Any CPU
		{6ACF9D08-2D1E-4362-A7A2-BD2C7A4907DD}.Release|Any CPU.Build.0 = Release|Any CPU
		{4F016627-2F80-486E-98F5-293E9E0A7962}.Debug|Any CPU.ActiveCfg = Debug|Any CPU
		{4F016627-2F80-486E-98F5-293E9E0A7962}.Debug|Any CPU.Build.0 = Debug|Any CPU
		{4F016627-2F80-486E-98F5-293E9E0A7962}.Release|Any CPU.ActiveCfg = Release|Any CPU
		{4F016627-2F80-486E-98F5-293E9E0A7962}.Release|Any CPU.Build.0 = Release|Any CPU
	EndGlobalSection
	GlobalSection(SolutionProperties) = preSolution
		HideSolutionNode = FALSE
	EndGlobalSection
	GlobalSection(NestedProjects) = preSolution
		{0B47A08E-7AB5-4DFA-BFBC-D565EDCBC200} = {EE05729E-392C-4665-A79F-E2679038A538}
		{EFE67649-41C2-402A-AF5B-7F5FA8EAE007} = {F70628C9-8D23-46AF-83BF-BD366F93BB7F}
		{03516AD1-7E17-4B98-9289-9CAA4C2871F6} = {AD9BC8BA-156A-4B91-B625-D0A77549C254}
		{9A5339A4-3526-4EAE-9B18-F8F396D4B4AD} = {AEBA96D0-415F-4EDE-90DF-F7E451E0C778}
		{C64C28AF-4E4D-4E68-835D-6B7511E4FAB2} = {9A5339A4-3526-4EAE-9B18-F8F396D4B4AD}
		{847C5D83-A69C-4D0C-8891-621A85F537C1} = {9A5339A4-3526-4EAE-9B18-F8F396D4B4AD}
		{FBF10D6E-0E3D-44C4-88CF-94267C59D19B} = {9A5339A4-3526-4EAE-9B18-F8F396D4B4AD}
		{630ACC61-C5CE-4B20-BF3C-2ABD71ADF114} = {9A5339A4-3526-4EAE-9B18-F8F396D4B4AD}
		{A9A19CD4-9DE1-4F5A-8071-C63B2DB5F80A} = {C64C28AF-4E4D-4E68-835D-6B7511E4FAB2}
		{2D31403E-128F-48E2-A3E0-364308308F06} = {FBF10D6E-0E3D-44C4-88CF-94267C59D19B}
		{97095475-38E1-4E37-8E02-C44590689210} = {630ACC61-C5CE-4B20-BF3C-2ABD71ADF114}
		{8AFCBD1A-D9B5-4595-BACD-11CB47713F5D} = {847C5D83-A69C-4D0C-8891-621A85F537C1}
		{0078A949-9D90-4497-8818-428C0FD3E3A2} = {AEBA96D0-415F-4EDE-90DF-F7E451E0C778}
		{8B72499A-04F1-4B7B-B217-90B4DBC34E6D} = {0078A949-9D90-4497-8818-428C0FD3E3A2}
		{82304579-4372-4128-9799-4C29D8BC4A6F} = {0078A949-9D90-4497-8818-428C0FD3E3A2}
		{E64F464D-0660-47EA-8DE4-1BB31C565354} = {0078A949-9D90-4497-8818-428C0FD3E3A2}
		{03A5BA12-6C5C-46BA-B186-4C7F24C6114F} = {0078A949-9D90-4497-8818-428C0FD3E3A2}
		{3D0D7AF2-EAB8-47F2-AC07-2B88409BFBE1} = {8B72499A-04F1-4B7B-B217-90B4DBC34E6D}
		{FF7ED8BF-1694-486F-B994-77C5887E7487} = {82304579-4372-4128-9799-4C29D8BC4A6F}
		{6ACF9D08-2D1E-4362-A7A2-BD2C7A4907DD} = {E64F464D-0660-47EA-8DE4-1BB31C565354}
		{4F016627-2F80-486E-98F5-293E9E0A7962} = {03A5BA12-6C5C-46BA-B186-4C7F24C6114F}
	EndGlobalSection
	GlobalSection(ExtensibilityGlobals) = postSolution
		SolutionGuid = {0BC692D8-A220-4373-BF2C-2CEC3E207E95}
	EndGlobalSection
EndGlobal
