
Microsoft Visual Studio Solution File, Format Version 12.00
# Visual Studio Version 17
VisualStudioVersion = 17.8.34511.84
MinimumVisualStudioVersion = 10.0.40219.1
Project("{2150E333-8FDC-42A3-9474-1A3956D46DE8}") = "Microservices", "Microservices", "{AEBA96D0-415F-4EDE-90DF-F7E451E0C778}"
EndProject
Project("{2150E333-8FDC-42A3-9474-1A3956D46DE8}") = "Domain", "Domain", "{EE05729E-392C-4665-A79F-E2679038A538}"
EndProject
Project("{2150E333-8FDC-42A3-9474-1A3956D46DE8}") = "Infra.Bus", "Infra.Bus", "{F70628C9-8D23-46AF-83BF-BD366F93BB7F}"
EndProject
Project("{2150E333-8FDC-42A3-9474-1A3956D46DE8}") = "Infra.IoC", "Infra.IoC", "{AD9BC8BA-156A-4B91-B625-D0A77549C254}"
EndProject
Project("{2150E333-8FDC-42A3-9474-1A3956D46DE8}") = "Presentation", "Presentation", "{0FEDC8CF-82CF-44D5-935E-628E9E4DD429}"
EndProject
Project("{FAE04EC0-301F-11D3-BF4B-00C04F79EFBC}") = "MicroRabbit.Domain.Core", "MicroRabbit.Domain.Core\MicroRabbit.Domain.Core.csproj", "{0B47A08E-7AB5-4DFA-BFBC-D565EDCBC200}"
EndProject
Global
	GlobalSection(SolutionConfigurationPlatforms) = preSolution
		Debug|Any CPU = Debug|Any CPU
		Release|Any CPU = Release|Any CPU
	EndGlobalSection
	GlobalSection(ProjectConfigurationPlatforms) = postSolution
		{0B47A08E-7AB5-4DFA-BFBC-D565EDCBC200}.Debug|Any CPU.ActiveCfg = Debug|Any CPU
		{0B47A08E-7AB5-4DFA-BFBC-D565EDCBC200}.Debug|Any CPU.Build.0 = Debug|Any CPU
		{0B47A08E-7AB5-4DFA-BFBC-D565EDCBC200}.Release|Any CPU.ActiveCfg = Release|Any CPU
		{0B47A08E-7AB5-4DFA-BFBC-D565EDCBC200}.Release|Any CPU.Build.0 = Release|Any CPU
	EndGlobalSection
	GlobalSection(SolutionProperties) = preSolution
		HideSolutionNode = FALSE
	EndGlobalSection
	GlobalSection(NestedProjects) = preSolution
		{0B47A08E-7AB5-4DFA-BFBC-D565EDCBC200} = {EE05729E-392C-4665-A79F-E2679038A538}
	EndGlobalSection
	GlobalSection(ExtensibilityGlobals) = postSolution
		SolutionGuid = {0BC692D8-A220-4373-BF2C-2CEC3E207E95}
	EndGlobalSection
EndGlobal
